
Microsoft Visual Studio Solution File, Format Version 12.00
# Visual Studio Version 17
VisualStudioVersion = 17.8.34309.116
MinimumVisualStudioVersion = 10.0.40219.1
Project("{FAE04EC0-301F-11D3-BF4B-00C04F79EFBC}") = "PaintApplicationAssignment", "PaintApplicationAssignment.csproj", "{7EDE5520-5B28-486A-884F-7118AB13D939}"
EndProject
Global
	GlobalSection(SolutionConfigurationPlatforms) = preSolution
		Debug|Any CPU = Debug|Any CPU
		Release|Any CPU = Release|Any CPU
	EndGlobalSection
	GlobalSection(ProjectConfigurationPlatforms) = postSolution
		{7EDE5520-5B28-486A-884F-7118AB13D939}.Debug|Any CPU.ActiveCfg = Debug|Any CPU
		{7EDE5520-5B28-486A-884F-7118AB13D939}.Debug|Any CPU.Build.0 = Debug|Any CPU
		{7EDE5520-5B28-486A-884F-7118AB13D939}.Release|Any CPU.ActiveCfg = Release|Any CPU
		{7EDE5520-5B28-486A-884F-7118AB13D939}.Release|Any CPU.Build.0 = Release|Any CPU
	EndGlobalSection
	GlobalSection(SolutionProperties) = preSolution
		HideSolutionNode = FALSE
	EndGlobalSection
	GlobalSection(ExtensibilityGlobals) = postSolution
		SolutionGuid = {C965EEC1-55AE-4E2B-82DA-F91F368CE197}
	EndGlobalSection
EndGlobal
